
Microsoft Visual Studio Solution File, Format Version 12.00
# Visual Studio for Mac
Project("{FAE04EC0-301F-11D3-BF4B-00C04F79EFBC}") = "Chaser", "Assembly-CSharp.csproj", "{938F4863-DF01-DA90-DE1D-982646A69D14}"
EndProject
Project("{FAE04EC0-301F-11D3-BF4B-00C04F79EFBC}") = "Chaser", "Assembly-CSharp-firstpass.csproj", "{C0184A53-0C83-3A0B-492A-A8B81B17FEA6}"
EndProject
Project("{FAE04EC0-301F-11D3-BF4B-00C04F79EFBC}") = "Chaser", "Assembly-CSharp-Editor-firstpass.csproj", "{5F94BA57-17CB-612D-1BDD-CAD04C0A9441}"
EndProject
Global
	GlobalSection(SolutionConfigurationPlatforms) = preSolution
		Debug|Any CPU = Debug|Any CPU
		Release|Any CPU = Release|Any CPU
	EndGlobalSection
	GlobalSection(ProjectConfigurationPlatforms) = postSolution
		{938F4863-DF01-DA90-DE1D-982646A69D14}.Debug|Any CPU.ActiveCfg = Debug|Any CPU
		{938F4863-DF01-DA90-DE1D-982646A69D14}.Debug|Any CPU.Build.0 = Debug|Any CPU
		{938F4863-DF01-DA90-DE1D-982646A69D14}.Release|Any CPU.ActiveCfg = Release|Any CPU
		{938F4863-DF01-DA90-DE1D-982646A69D14}.Release|Any CPU.Build.0 = Release|Any CPU
		{C0184A53-0C83-3A0B-492A-A8B81B17FEA6}.Debug|Any CPU.ActiveCfg = Debug|Any CPU
		{C0184A53-0C83-3A0B-492A-A8B81B17FEA6}.Debug|Any CPU.Build.0 = Debug|Any CPU
		{C0184A53-0C83-3A0B-492A-A8B81B17FEA6}.Release|Any CPU.ActiveCfg = Release|Any CPU
		{C0184A53-0C83-3A0B-492A-A8B81B17FEA6}.Release|Any CPU.Build.0 = Release|Any CPU
		{5F94BA57-17CB-612D-1BDD-CAD04C0A9441}.Debug|Any CPU.ActiveCfg = Debug|Any CPU
		{5F94BA57-17CB-612D-1BDD-CAD04C0A9441}.Debug|Any CPU.Build.0 = Debug|Any CPU
		{5F94BA57-17CB-612D-1BDD-CAD04C0A9441}.Release|Any CPU.ActiveCfg = Release|Any CPU
		{5F94BA57-17CB-612D-1BDD-CAD04C0A9441}.Release|Any CPU.Build.0 = Release|Any CPU
	EndGlobalSection
	GlobalSection(SolutionProperties) = preSolution
		HideSolutionNode = FALSE
	EndGlobalSection
EndGlobal
